# THIS IS AN AUTOGENERATED FILE. DO NOT EDIT THIS FILE DIRECTLY.
# yarn lockfile v1


"@benmajor/jquery-touch-events@^2.0.3":
  version "2.0.3"
  resolved "https://registry.yarnpkg.com/@benmajor/jquery-touch-events/-/jquery-touch-events-2.0.3.tgz#fc5e6a47eed5027ecb712880fc6af99e70c04080"
  integrity sha512-yhhk/jzScpbuMf8zF7UTcaRFAgqM+8Elzsog9cSJywQBXKe7hJg+eJ9w/kmfqiLjZefT9p8pqwtqslmUvRA3kw==

classlist-polyfill@1.2.0:
  version "1.2.0"
  resolved "https://registry.yarnpkg.com/classlist-polyfill/-/classlist-polyfill-1.2.0.tgz#935bc2dfd9458a876b279617514638bcaa964a2e"
  integrity sha1-k1vC39lFiodrJ5YXUUY4vKqWSi4=

deep-clone-simple@1.1.1:
  version "1.1.1"
  resolved "https://registry.yarnpkg.com/deep-clone-simple/-/deep-clone-simple-1.1.1.tgz#0ec358dfcce062928dbf58f0dfa484b4b5425d59"
  integrity sha1-DsNY38zgYpKNv1jw36SEtLVCXVk=

domify@1.4.0:
  version "1.4.0"
  resolved "https://registry.yarnpkg.com/domify/-/domify-1.4.0.tgz#11483617f764f8695975b4bdc79b14f0803b629b"
  integrity sha1-EUg2F/dk+GlZdbS9x5sU8IA7Yps=

es6-object-assign@1.1.0:
  version "1.1.0"
  resolved "https://registry.yarnpkg.com/es6-object-assign/-/es6-object-assign-1.1.0.tgz#c2c3582656247c39ea107cb1e6652b6f9f24523c"
  integrity sha1-wsNYJlYkfDnqEHyx5mUrb58kUjw=

font-awesome@^4.7.0:
  version "4.7.0"
  resolved "https://registry.yarnpkg.com/font-awesome/-/font-awesome-4.7.0.tgz#8fa8cf0411a1a31afd07b06d2902bb9fc815a133"
  integrity sha1-j6jPBBGhoxr9B7BtKQK7n8gVoTM=

form-serialize@0.7.1:
  version "0.7.1"
  resolved "https://registry.yarnpkg.com/form-serialize/-/form-serialize-0.7.1.tgz#48f74e37d041de4f7d140dd2c54b37fff8d2e843"
  integrity sha1-SPdON9BB3k99FA3SxUs3//jS6EM=

immediate@~3.0.5:
  version "3.0.6"
  resolved "https://registry.yarnpkg.com/immediate/-/immediate-3.0.6.tgz#9db1dbd0faf8de6fbe0f5dd5e56bb606280de69b"
  integrity sha1-nbHb0Pr43m++D13V5Wu2BigN5ps=

jquery-ui@^1.13.1:
  version "1.13.2"
  resolved "https://registry.yarnpkg.com/jquery-ui/-/jquery-ui-1.13.2.tgz#de03580ae6604773602f8d786ad1abfb75232034"
  integrity sha512-wBZPnqWs5GaYJmo1Jj0k/mrSkzdQzKDwhXNtHKcBdAcKVxMM3KNYFq+iJ2i1rwiG53Z8M4mTn3Qxrm17uH1D4Q==
  dependencies:
    jquery ">=1.8.0 <4.0.0"

"jquery@>=1.8.0 <4.0.0", jquery@^3.6.0:
  version "3.7.1"
  resolved "https://registry.yarnpkg.com/jquery/-/jquery-3.7.1.tgz#083ef98927c9a6a74d05a6af02806566d16274de"
  integrity sha512-m4avr8yL8kmFN8psrbFFFmB/If14iN5o9nw/NgnnM+kybDJpRsAynV2BsfpTYrTRysYUdADVD7CkUUizgkpLfg==

js-cookie@2.1.4:
  version "2.1.4"
  resolved "https://registry.yarnpkg.com/js-cookie/-/js-cookie-2.1.4.tgz#da4ec503866f149d164cf25f579ef31015025d8d"
  integrity sha1-2k7FA4ZvFJ0WTPJfV57zEBUCXY0=

leaflet-active-area@^1.2.0:
  version "1.2.0"
  resolved "https://registry.yarnpkg.com/leaflet-active-area/-/leaflet-active-area-1.2.0.tgz#f5cde2f4f3eaa4b75230fb4f44c4acdfb7c324c3"
  integrity sha512-Hq22sKlk9KqkEFca5c5ks89zoFQ81h/mmdSQgx9m/MgihR4YL24WkTJhVaRgSNZQ95NneOpawYnn1eXJNzObcA==

leaflet-ajax@^2.1.0:
  version "2.1.0"
  resolved "https://registry.yarnpkg.com/leaflet-ajax/-/leaflet-ajax-2.1.0.tgz#269343d59bd38dc9dfa4f3a733e787ff32fe236f"
  integrity sha1-JpND1ZvTjcnfpPOnM+eH/zL+I28=
  dependencies:
    lie "^3.0.1"

leaflet-fullhash@^1.0.0:
  version "1.0.0"
  resolved "https://registry.yarnpkg.com/leaflet-fullhash/-/leaflet-fullhash-1.0.0.tgz#230a1562a96cd49b4b1dc944b65a8b3d06cfdbaa"
  integrity sha512-InZkMX4MZ3ytw119tdEA5LIg8GwV6XDDvovunn4PHQrtPLxPSjpV6FiiuHNocdwHWcNkRelvofo3RGOCx3toBQ==

leaflet-fullscreen@^1.0.2:
  version "1.0.2"
  resolved "https://registry.yarnpkg.com/leaflet-fullscreen/-/leaflet-fullscreen-1.0.2.tgz#09c61c4bac45f63b2ee126afd87e5cd97650fc1b"
  integrity sha1-CcYcS6xF9jsu4Sav2H5c2XZQ/Bs=

leaflet.locatecontrol@^0.76.0:
  version "0.76.0"
  resolved "https://registry.yarnpkg.com/leaflet.locatecontrol/-/leaflet.locatecontrol-0.76.0.tgz#afca63a3ccf3161bed0e8bf94a98ddba364e90e1"
  integrity sha512-Mx8uiihBi8KrrW3LgblsNL/pS8HR0gj60m8VFDFrnhSvDuitChazc095XcMSscf/XqZW+TSqQMCTe+AUy/4/eA==

leaflet.sync@^0.2.4:
  version "0.2.4"
  resolved "https://registry.yarnpkg.com/leaflet.sync/-/leaflet.sync-0.2.4.tgz#76d4095a61470882d72e092190090d0a1fa55ca2"
  integrity sha1-dtQJWmFHCILXLgkhkAkNCh+lXKI=

leaflet@^1.7.1:
  version "1.7.1"
  resolved "https://registry.yarnpkg.com/leaflet/-/leaflet-1.7.1.tgz#10d684916edfe1bf41d688a3b97127c0322a2a19"
  integrity sha512-/xwPEBidtg69Q3HlqPdU3DnrXQOvQU/CCHA1tcDQVzOwm91YMYaILjNp7L4Eaw5Z4sOYdbBz6koWyibppd8Zqw==

lie@^3.0.1:
  version "3.3.0"
  resolved "https://registry.yarnpkg.com/lie/-/lie-3.3.0.tgz#dcf82dee545f46074daf200c7c1c5a08e0f40f6a"
  integrity sha512-UaiMJzeWRlEujzAuw5LokY1L5ecNQYZKfmyZ9L7wDHb/p5etKaxXhohBcrw0EYby+G/NA52vRSN4N39dxHAIwQ==
  dependencies:
    immediate "~3.0.5"

vex-dialog@1.1.0:
  version "1.1.0"
  resolved "https://registry.yarnpkg.com/vex-dialog/-/vex-dialog-1.1.0.tgz#8a2b57b709268da5e935c854ce9541a570421e2e"
  integrity sha512-P+kf+LMI+jF1QtmH0iaqZLi5sVpL94d29SENBmI3x/2i8a1X6skN6Q2463m1triK8u4bpEWj1FndWqgpueA5cA==
  dependencies:
    deep-clone-simple "1.1.1"
    domify "1.4.0"
    form-serialize "0.7.1"

vex-js@^4.1.0:
  version "4.1.0"
  resolved "https://registry.yarnpkg.com/vex-js/-/vex-js-4.1.0.tgz#88c996c7a0003fe1c6f972096244b55fdf45890b"
  integrity sha512-n/dgknlD5CVl+Bn87kARnjwSknxZvSMflwzrBdgV0LLdLXpgmF6AKQ//bEEBBwK2JLXR0wG2R+il1zjcBtOi6Q==
  dependencies:
    classlist-polyfill "1.2.0"
    domify "1.4.0"
    es6-object-assign "1.1.0"
    vex-dialog "1.1.0"
