# THIS IS AN AUTOGENERATED FILE. DO NOT EDIT THIS FILE DIRECTLY.
# yarn lockfile v1


"@benmajor/jquery-touch-events@^2.0.3":
  version "2.0.3"
  resolved "https://registry.yarnpkg.com/@benmajor/jquery-touch-events/-/jquery-touch-events-2.0.3.tgz#fc5e6a47eed5027ecb712880fc6af99e70c04080"
  integrity sha512-yhhk/jzScpbuMf8zF7UTcaRFAgqM+8Elzsog9cSJywQBXKe7hJg+eJ9w/kmfqiLjZefT9p8pqwtqslmUvRA3kw==

classlist-polyfill@1.2.0:
  version "1.2.0"
  resolved "https://registry.yarnpkg.com/classlist-polyfill/-/classlist-polyfill-1.2.0.tgz#935bc2dfd9458a876b279617514638bcaa964a2e"
  integrity sha512-GzIjNdcEtH4ieA2S8NmrSxv7DfEV5fmixQeyTmqmRmRJPGpRBaSnA2a0VrCjyT8iW8JjEdMbKzDotAJf+ajgaQ==

deep-clone-simple@1.1.1:
  version "1.1.1"
  resolved "https://registry.yarnpkg.com/deep-clone-simple/-/deep-clone-simple-1.1.1.tgz#0ec358dfcce062928dbf58f0dfa484b4b5425d59"
  integrity sha512-d/Knd6Cmq0hQTdTf5uggLD0ua6zpwGb1Yqorz3Y8NAmcAMKsG/UmV8+iaNqgT92WPFD7EDymwGIwwVy888T6fQ==

domify@1.4.0:
  version "1.4.0"
  resolved "https://registry.yarnpkg.com/domify/-/domify-1.4.0.tgz#11483617f764f8695975b4bdc79b14f0803b629b"
  integrity sha512-CBzequt8IJiKV8fav4tn0qA9KSiZ76w3C2EkyfC8+df6UGNcZJRfvfBcRzLW39eGeETcunkOvvRBj/gKXIdULw==

es6-object-assign@1.1.0:
  version "1.1.0"
  resolved "https://registry.yarnpkg.com/es6-object-assign/-/es6-object-assign-1.1.0.tgz#c2c3582656247c39ea107cb1e6652b6f9f24523c"
  integrity sha512-MEl9uirslVwqQU369iHNWZXsI8yaZYGg/D65aOgZkeyFJwHYSxilf7rQzXKI7DdDuBPrBXbfk3sl9hJhmd5AUw==

font-awesome@^4.7.0:
  version "4.7.0"
  resolved "https://registry.yarnpkg.com/font-awesome/-/font-awesome-4.7.0.tgz#8fa8cf0411a1a31afd07b06d2902bb9fc815a133"
  integrity sha512-U6kGnykA/6bFmg1M/oT9EkFeIYv7JlX3bozwQJWiiLz6L0w3F5vBVPxHlwyX/vtNq1ckcpRKOB9f2Qal/VtFpg==

form-serialize@0.7.1:
  version "0.7.1"
  resolved "https://registry.yarnpkg.com/form-serialize/-/form-serialize-0.7.1.tgz#48f74e37d041de4f7d140dd2c54b37fff8d2e843"
  integrity sha512-WGThlbRC1ELTwfR4HGLFnUBU3yzaOmiZ1ZbPgic3XsS3nGTzZdrxOLwsP4kz6QBdy1KAwvoLwN9TJk08mfqxxA==

immediate@~3.0.5:
  version "3.0.6"
  resolved "https://registry.yarnpkg.com/immediate/-/immediate-3.0.6.tgz#9db1dbd0faf8de6fbe0f5dd5e56bb606280de69b"
  integrity sha512-XXOFtyqDjNDAQxVfYxuF7g9Il/IbWmmlQg2MYKOH8ExIT1qg6xc4zyS3HaEEATgs1btfzxq15ciUiY7gjSXRGQ==

jquery-ui@^1.13.2:
  version "1.13.2"
  resolved "https://registry.yarnpkg.com/jquery-ui/-/jquery-ui-1.13.2.tgz#de03580ae6604773602f8d786ad1abfb75232034"
  integrity sha512-wBZPnqWs5GaYJmo1Jj0k/mrSkzdQzKDwhXNtHKcBdAcKVxMM3KNYFq+iJ2i1rwiG53Z8M4mTn3Qxrm17uH1D4Q==
  dependencies:
    jquery ">=1.8.0 <4.0.0"

"jquery@>=1.8.0 <4.0.0", jquery@^3.7.1:
  version "3.7.1"
  resolved "https://registry.yarnpkg.com/jquery/-/jquery-3.7.1.tgz#083ef98927c9a6a74d05a6af02806566d16274de"
  integrity sha512-m4avr8yL8kmFN8psrbFFFmB/If14iN5o9nw/NgnnM+kybDJpRsAynV2BsfpTYrTRysYUdADVD7CkUUizgkpLfg==

js-cookie@2.1.4:
  version "2.1.4"
  resolved "https://registry.yarnpkg.com/js-cookie/-/js-cookie-2.1.4.tgz#da4ec503866f149d164cf25f579ef31015025d8d"
  integrity sha512-ACJgj9MPgn/ac4b55OZFbPY/u57HTSkOD65ScYN1sh/js0pQP7WQh7/kFt6/NxBOHKlwVsxZWliVo7CkxF0Cjg==

leaflet-active-area@^1.2.0:
  version "1.2.1"
  resolved "https://registry.yarnpkg.com/leaflet-active-area/-/leaflet-active-area-1.2.1.tgz#dc93ea005e32c7a027360f2d14098c21aaaed52f"
  integrity sha512-lZdkGt7VzaYCrarYaWnJ4BI2CrzrfivX35GLUc9l4w8y9ru88LLqcQzWZMw7bPzSzHO7do301z77mSfIvhWjFg==

leaflet-ajax@^2.1.0:
  version "2.1.0"
  resolved "https://registry.yarnpkg.com/leaflet-ajax/-/leaflet-ajax-2.1.0.tgz#269343d59bd38dc9dfa4f3a733e787ff32fe236f"
  integrity sha512-5Acw/C+27nZPd4PM4bH6eO7GDwj54RsQnJ3E4+LKQ9nva9qp57D6/b5inQfyzaZoU+r6/HgrsMv4AjjrnM1Wlg==
  dependencies:
    lie "^3.0.1"

leaflet-fullhash@^1.0.0:
  version "1.0.0"
  resolved "https://registry.yarnpkg.com/leaflet-fullhash/-/leaflet-fullhash-1.0.0.tgz#230a1562a96cd49b4b1dc944b65a8b3d06cfdbaa"
  integrity sha512-InZkMX4MZ3ytw119tdEA5LIg8GwV6XDDvovunn4PHQrtPLxPSjpV6FiiuHNocdwHWcNkRelvofo3RGOCx3toBQ==

leaflet-fullscreen@^1.0.2:
  version "1.0.2"
  resolved "https://registry.yarnpkg.com/leaflet-fullscreen/-/leaflet-fullscreen-1.0.2.tgz#09c61c4bac45f63b2ee126afd87e5cd97650fc1b"
  integrity sha512-1Yxm8RZg6KlKX25+hbP2H/wnOAphH7hFcvuADJFb4QZTN7uOSN9Hsci5EZpow8vtNej9OGzu59Jxmn+0qKOO9Q==

leaflet.locatecontrol@^0.79.0:
  version "0.79.0"
  resolved "https://registry.yarnpkg.com/leaflet.locatecontrol/-/leaflet.locatecontrol-0.79.0.tgz#0236b87c699a49f9ddb2f289941fbc0d3c3f8b62"
  integrity sha512-h64QIHFkypYdr90lkSfjKvPvvk8/b8UnP3m9WuoWdp5p2AaCWC0T1NVwyuj4rd5U4fBW3tQt4ppmZ2LceHMIDg==

leaflet.sync@^0.2.4:
  version "0.2.4"
  resolved "https://registry.yarnpkg.com/leaflet.sync/-/leaflet.sync-0.2.4.tgz#76d4095a61470882d72e092190090d0a1fa55ca2"
  integrity sha512-e59CcQNMFFZJWCAGzyFxcsVldWd0cU7G71q2Zh5a5Pbe7ua4G7CNQcKz51IALf0NzOyRF7ws6gjnndiVWkYN+w==

leaflet@^1.9.4:
  version "1.9.4"
  resolved "https://registry.yarnpkg.com/leaflet/-/leaflet-1.9.4.tgz#23fae724e282fa25745aff82ca4d394748db7d8d"
  integrity sha512-nxS1ynzJOmOlHp+iL3FyWqK89GtNL8U8rvlMOsQdTTssxZwCXh8N2NB3GDQOL+YR3XnWyZAxwQixURb+FA74PA==

lie@^3.0.1:
  version "3.3.0"
  resolved "https://registry.yarnpkg.com/lie/-/lie-3.3.0.tgz#dcf82dee545f46074daf200c7c1c5a08e0f40f6a"
  integrity sha512-UaiMJzeWRlEujzAuw5LokY1L5ecNQYZKfmyZ9L7wDHb/p5etKaxXhohBcrw0EYby+G/NA52vRSN4N39dxHAIwQ==
  dependencies:
    immediate "~3.0.5"

vex-dialog@1.1.0:
  version "1.1.0"
  resolved "https://registry.yarnpkg.com/vex-dialog/-/vex-dialog-1.1.0.tgz#8a2b57b709268da5e935c854ce9541a570421e2e"
  integrity sha512-P+kf+LMI+jF1QtmH0iaqZLi5sVpL94d29SENBmI3x/2i8a1X6skN6Q2463m1triK8u4bpEWj1FndWqgpueA5cA==
  dependencies:
    deep-clone-simple "1.1.1"
    domify "1.4.0"
    form-serialize "0.7.1"

vex-js@^4.1.0:
  version "4.1.0"
  resolved "https://registry.yarnpkg.com/vex-js/-/vex-js-4.1.0.tgz#88c996c7a0003fe1c6f972096244b55fdf45890b"
  integrity sha512-n/dgknlD5CVl+Bn87kARnjwSknxZvSMflwzrBdgV0LLdLXpgmF6AKQ//bEEBBwK2JLXR0wG2R+il1zjcBtOi6Q==
  dependencies:
    classlist-polyfill "1.2.0"
    domify "1.4.0"
    es6-object-assign "1.1.0"
    vex-dialog "1.1.0"
